
Microsoft Visual Studio Solution File, Format Version 12.00
# Visual Studio Version 16
VisualStudioVersion = 16.0.29920.165
MinimumVisualStudioVersion = 10.0.40219.1
Project("{FAE04EC0-301F-11D3-BF4B-00C04F79EFBC}") = "TARpv19_Valjataga", "TARpv19_Valjataga\TARpv19_Valjataga.csproj", "{E1437CB2-4C0C-45AD-85A4-4AB246501762}"
EndProject
Global
	GlobalSection(SolutionConfigurationPlatforms) = preSolution
		Debug|Any CPU = Debug|Any CPU
		Release|Any CPU = Release|Any CPU
	EndGlobalSection
	GlobalSection(ProjectConfigurationPlatforms) = postSolution
		{E1437CB2-4C0C-45AD-85A4-4AB246501762}.Debug|Any CPU.ActiveCfg = Debug|Any CPU
		{E1437CB2-4C0C-45AD-85A4-4AB246501762}.Debug|Any CPU.Build.0 = Debug|Any CPU
		{E1437CB2-4C0C-45AD-85A4-4AB246501762}.Release|Any CPU.ActiveCfg = Release|Any CPU
		{E1437CB2-4C0C-45AD-85A4-4AB246501762}.Release|Any CPU.Build.0 = Release|Any CPU
	EndGlobalSection
	GlobalSection(SolutionProperties) = preSolution
		HideSolutionNode = FALSE
	EndGlobalSection
	GlobalSection(ExtensibilityGlobals) = postSolution
		SolutionGuid = {1F2E26FF-A24A-4AEF-811C-AE2F5B493937}
	EndGlobalSection
EndGlobal
